{
	"name": "@textile/ipfs-lite-network",
	"version": "0.0.1",
	"lockfileVersion": 1,
	"requires": true,
	"dependencies": {
		"@types/multiaddr": {
			"version": "7.2.0",
			"resolved": "https://registry.npmjs.org/@types/multiaddr/-/multiaddr-7.2.0.tgz",
			"integrity": "sha512-4oWyVIQjiOGIs0iApwtLSetRRBFGo2rnPQwclQFpHz6Zm0EHwyQbMcboLVJH19T8EdWKnEJ+Y62LrZ/ZNBBjbw==",
			"dev": true,
			"requires": {
				"@types/node": "*"
			}
		},
		"@types/node": {
			"version": "13.1.7",
			"resolved": "https://registry.npmjs.org/@types/node/-/node-13.1.7.tgz",
			"integrity": "sha512-HU0q9GXazqiKwviVxg9SI/+t/nAsGkvLDkIdxz+ObejG2nX6Si00TeLqHMoS+a/1tjH7a8YpKVQwtgHuMQsldg=="
		},
		"asmcrypto.js": {
			"version": "2.3.2",
			"resolved": "https://registry.npmjs.org/asmcrypto.js/-/asmcrypto.js-2.3.2.tgz",
			"integrity": "sha512-3FgFARf7RupsZETQ1nHnhLUUvpcttcCq1iZCaVAbJZbCZ5VNRrNyvpDyHTOb0KC3llFcsyOT/a99NZcCbeiEsA=="
		},
		"asn1.js": {
			"version": "5.3.0",
			"resolved": "https://registry.npmjs.org/asn1.js/-/asn1.js-5.3.0.tgz",
			"integrity": "sha512-WHnQJFcOrIWT1RLOkFFBQkFVvyt9BPOOrH+Dp152Zk4R993rSzXUGPmkybIcUFhHE2d/iHH+nCaOWVCDbO8fgA==",
			"requires": {
				"bn.js": "^4.0.0",
				"inherits": "^2.0.1",
				"minimalistic-assert": "^1.0.0",
				"safer-buffer": "^2.1.0"
			},
			"dependencies": {
				"bn.js": {
					"version": "4.11.8",
					"resolved": "https://registry.npmjs.org/bn.js/-/bn.js-4.11.8.tgz",
					"integrity": "sha512-ItfYfPLkWHUjckQCk8xC+LwxgK8NYcXywGigJgSwOP8Y2iyWT4f2vsZnoOXTTbo+o5yXmIUJ4gn5538SO5S3gA=="
				}
			}
		},
		"balanced-match": {
			"version": "1.0.0",
			"resolved": "https://registry.npmjs.org/balanced-match/-/balanced-match-1.0.0.tgz",
			"integrity": "sha1-ibTRmasr7kneFk6gK4nORi1xt2c=",
			"dev": true
		},
		"base-x": {
			"version": "3.0.4",
			"resolved": "https://registry.npmjs.org/base-x/-/base-x-3.0.4.tgz",
			"integrity": "sha512-UYOadoSIkEI/VrRGSG6qp93rp2WdokiAiNYDfGW5qURAY8GiAQkvMbwNNSDYiVJopqv4gCna7xqf4rrNGp+5AA==",
			"requires": {
				"safe-buffer": "^5.0.1"
			}
		},
		"base64-js": {
			"version": "1.3.1",
			"resolved": "https://registry.npmjs.org/base64-js/-/base64-js-1.3.1.tgz",
			"integrity": "sha512-mLQ4i2QO1ytvGWFWmcngKO//JXAQueZvwEKtjgQFM4jIK0kU+ytMfplL8j+n5mspOfjHwoAg+9yhb7BwAHm36g=="
		},
		"bignumber.js": {
			"version": "9.0.0",
			"resolved": "https://registry.npmjs.org/bignumber.js/-/bignumber.js-9.0.0.tgz",
			"integrity": "sha512-t/OYhhJ2SD+YGBQcjY8GzzDHEk9f3nerxjtfa6tlMXfe7frs/WozhvCNoGvpM0P3bNf3Gq5ZRMlGr5f3r4/N8A==",
			"dev": true
		},
		"bindings": {
			"version": "1.5.0",
			"resolved": "https://registry.npmjs.org/bindings/-/bindings-1.5.0.tgz",
			"integrity": "sha512-p2q/t/mhvuOj/UeLlV6566GD/guowlr0hHxClI0W9m7MWYkL1F0hLo+0Aexs9HSPCtR1SXQ0TD3MMKrXZajbiQ==",
			"requires": {
				"file-uri-to-path": "1.0.0"
			}
		},
		"bip66": {
			"version": "1.1.5",
			"resolved": "https://registry.npmjs.org/bip66/-/bip66-1.1.5.tgz",
			"integrity": "sha1-AfqHSHhcpwlV1QESF9GzE5lpyiI=",
			"requires": {
				"safe-buffer": "^5.0.1"
			}
		},
		"blakejs": {
			"version": "1.1.0",
			"resolved": "https://registry.npmjs.org/blakejs/-/blakejs-1.1.0.tgz",
			"integrity": "sha1-ad+S75U6qIylGjLfarHFShVfx6U="
		},
		"bn.js": {
			"version": "5.1.1",
			"resolved": "https://registry.npmjs.org/bn.js/-/bn.js-5.1.1.tgz",
			"integrity": "sha512-IUTD/REb78Z2eodka1QZyyEk66pciRcP6Sroka0aI3tG/iwIdYLrBD62RsubR7vqdt3WyX8p4jxeatzmRSphtA=="
		},
		"brace-expansion": {
			"version": "1.1.11",
			"resolved": "https://registry.npmjs.org/brace-expansion/-/brace-expansion-1.1.11.tgz",
			"integrity": "sha512-iCuPHDFgrHX7H2vEI/5xpz07zSHB00TpugqhmYtVmMO6518mCuRMoOYFldEBl0g187ufozdaHgWKcYFb61qGiA==",
			"dev": true,
			"requires": {
				"balanced-match": "^1.0.0",
				"concat-map": "0.0.1"
			}
		},
		"brorand": {
			"version": "1.1.0",
			"resolved": "https://registry.npmjs.org/brorand/-/brorand-1.1.0.tgz",
			"integrity": "sha1-EsJe/kCkXjwyPrhnWgoM5XsiNx8="
		},
		"browserify-aes": {
			"version": "1.2.0",
			"resolved": "https://registry.npmjs.org/browserify-aes/-/browserify-aes-1.2.0.tgz",
			"integrity": "sha512-+7CHXqGuspUn/Sl5aO7Ea0xWGAtETPXNSAjHo48JfLdPWcMng33Xe4znFvQweqc/uzk5zSOI3H52CYnjCfb5hA==",
			"requires": {
				"buffer-xor": "^1.0.3",
				"cipher-base": "^1.0.0",
				"create-hash": "^1.1.0",
				"evp_bytestokey": "^1.0.3",
				"inherits": "^2.0.1",
				"safe-buffer": "^5.0.1"
			}
		},
		"bs58": {
			"version": "4.0.1",
			"resolved": "https://registry.npmjs.org/bs58/-/bs58-4.0.1.tgz",
			"integrity": "sha1-vhYedsNU9veIrkBx9j806MTwpCo=",
			"requires": {
				"base-x": "^3.0.2"
			}
		},
		"buffer": {
			"version": "5.4.3",
			"resolved": "https://registry.npmjs.org/buffer/-/buffer-5.4.3.tgz",
			"integrity": "sha512-zvj65TkFeIt3i6aj5bIvJDzjjQQGs4o/sNoezg1F1kYap9Nu2jcUdpwzRSJTHMMzG0H7bZkn4rNQpImhuxWX2A==",
			"requires": {
				"base64-js": "^1.0.2",
				"ieee754": "^1.1.4"
			}
		},
		"buffer-xor": {
			"version": "1.0.3",
			"resolved": "https://registry.npmjs.org/buffer-xor/-/buffer-xor-1.0.3.tgz",
			"integrity": "sha1-JuYe0UIvtw3ULm42cp7VHYVf6Nk="
		},
		"cids": {
			"version": "0.7.2",
			"resolved": "https://registry.npmjs.org/cids/-/cids-0.7.2.tgz",
			"integrity": "sha512-lnAfyxzcmVb9a2oi6kJQ/peexYzcVq0xPe3mmQlGpCirRsR5BJL7aXZ93oO9jC1g6zI2m7pciRtecm0+BXEUUg==",
			"requires": {
				"class-is": "^1.1.0",
				"multibase": "~0.6.0",
				"multicodec": "^1.0.0",
				"multihashes": "~0.4.15"
			}
		},
		"cipher-base": {
			"version": "1.0.4",
			"resolved": "https://registry.npmjs.org/cipher-base/-/cipher-base-1.0.4.tgz",
			"integrity": "sha512-Kkht5ye6ZGmwv40uUDZztayT2ThLQGfnj/T71N/XzeZeo3nf8foyW7zGTsPYkEya3m5f3cAypH+qe7YOrM1U2Q==",
			"requires": {
				"inherits": "^2.0.1",
				"safe-buffer": "^5.0.1"
			}
		},
		"class-is": {
			"version": "1.1.0",
			"resolved": "https://registry.npmjs.org/class-is/-/class-is-1.1.0.tgz",
			"integrity": "sha512-rhjH9AG1fvabIDoGRVH587413LPjTZgmDF9fOFCbFJQV4yuocX1mHxxvXI4g3cGwbVY9wAYIoKlg1N79frJKQw=="
		},
		"concat-map": {
			"version": "0.0.1",
			"resolved": "https://registry.npmjs.org/concat-map/-/concat-map-0.0.1.tgz",
			"integrity": "sha1-2Klr13/Wjfd5OnMDajug1UBdR3s=",
			"dev": true
		},
		"create-hash": {
			"version": "1.2.0",
			"resolved": "https://registry.npmjs.org/create-hash/-/create-hash-1.2.0.tgz",
			"integrity": "sha512-z00bCGNHDG8mHAkP7CtT1qVu+bFQUPjYq/4Iv3C3kWjTFV10zIjfSoeqXo9Asws8gwSHDGj/hl2u4OGIjapeCg==",
			"requires": {
				"cipher-base": "^1.0.1",
				"inherits": "^2.0.1",
				"md5.js": "^1.3.4",
				"ripemd160": "^2.0.1",
				"sha.js": "^2.4.0"
			}
		},
		"create-hmac": {
			"version": "1.1.7",
			"resolved": "https://registry.npmjs.org/create-hmac/-/create-hmac-1.1.7.tgz",
			"integrity": "sha512-MJG9liiZ+ogc4TzUwuvbER1JRdgvUFSB5+VR/g5h82fGaIRWMWddtKBHi7/sVhfjQZ6SehlyhvQYrcYkaUIpLg==",
			"requires": {
				"cipher-base": "^1.0.3",
				"create-hash": "^1.1.0",
				"inherits": "^2.0.1",
				"ripemd160": "^2.0.0",
				"safe-buffer": "^5.0.1",
				"sha.js": "^2.4.8"
			}
		},
		"drbg.js": {
			"version": "1.0.1",
			"resolved": "https://registry.npmjs.org/drbg.js/-/drbg.js-1.0.1.tgz",
			"integrity": "sha1-Pja2xCs3BDgjzbwzLVjzHiRFSAs=",
			"requires": {
				"browserify-aes": "^1.0.6",
				"create-hash": "^1.1.2",
				"create-hmac": "^1.1.4"
			}
		},
		"elliptic": {
			"version": "6.5.2",
			"resolved": "https://registry.npmjs.org/elliptic/-/elliptic-6.5.2.tgz",
			"integrity": "sha512-f4x70okzZbIQl/NSRLkI/+tteV/9WqL98zx+SQ69KbXxmVrmjwsNUPn/gYJJ0sHvEak24cZgHIPegRePAtA/xw==",
			"requires": {
				"bn.js": "^4.4.0",
				"brorand": "^1.0.1",
				"hash.js": "^1.0.0",
				"hmac-drbg": "^1.0.0",
				"inherits": "^2.0.1",
				"minimalistic-assert": "^1.0.0",
				"minimalistic-crypto-utils": "^1.0.0"
			},
			"dependencies": {
				"bn.js": {
					"version": "4.11.8",
					"resolved": "https://registry.npmjs.org/bn.js/-/bn.js-4.11.8.tgz",
					"integrity": "sha512-ItfYfPLkWHUjckQCk8xC+LwxgK8NYcXywGigJgSwOP8Y2iyWT4f2vsZnoOXTTbo+o5yXmIUJ4gn5538SO5S3gA=="
				}
			}
		},
		"err-code": {
			"version": "1.1.2",
			"resolved": "https://registry.npmjs.org/err-code/-/err-code-1.1.2.tgz",
			"integrity": "sha1-BuARbTAo9q70gGhJ6w6mp0iuaWA="
		},
		"evp_bytestokey": {
			"version": "1.0.3",
			"resolved": "https://registry.npmjs.org/evp_bytestokey/-/evp_bytestokey-1.0.3.tgz",
			"integrity": "sha512-/f2Go4TognH/KvCISP7OUsHn85hT9nUkxxA9BEWxFn+Oj9o8ZNLm/40hdlgSLyuOimsrTKLUMEorQexp/aPQeA==",
			"requires": {
				"md5.js": "^1.3.4",
				"safe-buffer": "^5.1.1"
			}
		},
		"file-uri-to-path": {
			"version": "1.0.0",
			"resolved": "https://registry.npmjs.org/file-uri-to-path/-/file-uri-to-path-1.0.0.tgz",
			"integrity": "sha512-0Zt+s3L7Vf1biwWZ29aARiVYLx7iMGnEUl9x33fbB/j3jR81u/O2LbqK+Bm1CDSNDKVtJ/YjwY7TUd5SkeLQLw=="
		},
		"fs.realpath": {
			"version": "1.0.0",
			"resolved": "https://registry.npmjs.org/fs.realpath/-/fs.realpath-1.0.0.tgz",
			"integrity": "sha1-FQStJSMVjKpA20onh8sBQRmU6k8=",
			"dev": true
		},
		"glob": {
			"version": "7.1.6",
			"resolved": "https://registry.npmjs.org/glob/-/glob-7.1.6.tgz",
			"integrity": "sha512-LwaxwyZ72Lk7vZINtNNrywX0ZuLyStrdDtabefZKAY5ZGJhVtgdznluResxNmPitE0SAO+O26sWTHeKSI2wMBA==",
			"dev": true,
			"requires": {
				"fs.realpath": "^1.0.0",
				"inflight": "^1.0.4",
				"inherits": "2",
				"minimatch": "^3.0.4",
				"once": "^1.3.0",
				"path-is-absolute": "^1.0.0"
			}
		},
		"hash-base": {
			"version": "3.0.4",
			"resolved": "https://registry.npmjs.org/hash-base/-/hash-base-3.0.4.tgz",
			"integrity": "sha1-X8hoaEfs1zSZQDMZprCj8/auSRg=",
			"requires": {
				"inherits": "^2.0.1",
				"safe-buffer": "^5.0.1"
			}
		},
		"hash.js": {
			"version": "1.1.7",
			"resolved": "https://registry.npmjs.org/hash.js/-/hash.js-1.1.7.tgz",
			"integrity": "sha512-taOaskGt4z4SOANNseOviYDvjEJinIkRgmp7LbKP2YTTmVxWBl87s/uzK9r+44BclBSp2X7K1hqeNfz9JbBeXA==",
			"requires": {
				"inherits": "^2.0.3",
				"minimalistic-assert": "^1.0.1"
			}
		},
		"hi-base32": {
			"version": "0.5.0",
			"resolved": "https://registry.npmjs.org/hi-base32/-/hi-base32-0.5.0.tgz",
			"integrity": "sha512-DDRmxSyoYuvjUb9EnXdoiMChBZ7ZcUVJsK5Frd3kqMhuBxvmZdnBeynAVfj7/ECbn++CekcoprvC/rprHPAtow=="
		},
		"hmac-drbg": {
			"version": "1.0.1",
			"resolved": "https://registry.npmjs.org/hmac-drbg/-/hmac-drbg-1.0.1.tgz",
			"integrity": "sha1-0nRXAQJabHdabFRXk+1QL8DGSaE=",
			"requires": {
				"hash.js": "^1.0.3",
				"minimalistic-assert": "^1.0.0",
				"minimalistic-crypto-utils": "^1.0.1"
			}
		},
		"ieee754": {
			"version": "1.1.13",
			"resolved": "https://registry.npmjs.org/ieee754/-/ieee754-1.1.13.tgz",
			"integrity": "sha512-4vf7I2LYV/HaWerSo3XmlMkp5eZ83i+/CDluXi/IGTs/O1sejBNhTtnxzmRZfvOUqj7lZjqHkeTvpgSFDlWZTg=="
		},
		"inflight": {
			"version": "1.0.6",
			"resolved": "https://registry.npmjs.org/inflight/-/inflight-1.0.6.tgz",
			"integrity": "sha1-Sb1jMdfQLQwJvJEKEHW6gWW1bfk=",
			"dev": true,
			"requires": {
				"once": "^1.3.0",
				"wrappy": "1"
			}
		},
		"inherits": {
			"version": "2.0.4",
			"resolved": "https://registry.npmjs.org/inherits/-/inherits-2.0.4.tgz",
			"integrity": "sha512-k/vGaX4/Yla3WzyMCvTQOXYeIHvqOKtnqBduzTHpzpQZzAskKMhZ2K+EnBiSM9zGSoIFeMpXKxa4dYeZIQqewQ=="
		},
		"ip": {
			"version": "1.1.5",
			"resolved": "https://registry.npmjs.org/ip/-/ip-1.1.5.tgz",
			"integrity": "sha1-vd7XARQpCCjAoDnnLvJfWq7ENUo="
		},
		"ip-regex": {
			"version": "4.1.0",
			"resolved": "https://registry.npmjs.org/ip-regex/-/ip-regex-4.1.0.tgz",
			"integrity": "sha512-pKnZpbgCTfH/1NLIlOduP/V+WRXzC2MOz3Qo8xmxk8C5GudJLgK5QyLVXOSWy3ParAH7Eemurl3xjv/WXYFvMA=="
		},
		"is-ip": {
			"version": "3.1.0",
			"resolved": "https://registry.npmjs.org/is-ip/-/is-ip-3.1.0.tgz",
			"integrity": "sha512-35vd5necO7IitFPjd/YBeqwWnyDWbuLH9ZXQdMfDA8TEo7pv5X8yfrvVO3xbJbLUlERCMvf6X0hTUamQxCYJ9Q==",
			"requires": {
				"ip-regex": "^4.0.0"
			}
		},
		"is-promise": {
			"version": "1.0.1",
			"resolved": "https://registry.npmjs.org/is-promise/-/is-promise-1.0.1.tgz",
			"integrity": "sha1-MVc3YcBX4zwukaq56W2gjO++duU="
		},
		"iso-random-stream": {
			"version": "1.1.1",
			"resolved": "https://registry.npmjs.org/iso-random-stream/-/iso-random-stream-1.1.1.tgz",
			"integrity": "sha512-YEt/7xOwTdu4KXIgtdgGFkiLUsBaddbnkmHyaFdjJYIcD7V4gpQHPvYC5tyh3kA0PQ01y9lWm1ruVdf8Mqzovg==",
			"requires": {
				"buffer": "^5.4.3",
				"readable-stream": "^3.4.0"
			}
		},
		"js-sha3": {
			"version": "0.8.0",
			"resolved": "https://registry.npmjs.org/js-sha3/-/js-sha3-0.8.0.tgz",
			"integrity": "sha512-gF1cRrHhIzNfToc802P800N8PpXS+evLLXfsVpowqmAFR9uwbi89WvXg2QspOmXL8QL86J4T1EpFu+yUkwJY3Q=="
		},
		"keypair": {
			"version": "1.0.1",
			"resolved": "https://registry.npmjs.org/keypair/-/keypair-1.0.1.tgz",
			"integrity": "sha1-dgNxknCvtlZO04oiCHoG/Jqk6hs="
		},
		"libp2p-crypto": {
			"version": "0.17.1",
			"resolved": "https://registry.npmjs.org/libp2p-crypto/-/libp2p-crypto-0.17.1.tgz",
			"integrity": "sha512-IPz/rn8OtHY1Lae2teowSLw6UMqjkL0eM1fVOdPWRrB8fobDfPuwp67E3v7xGtarf6JSYpugsqTj89KEgbcBtw==",
			"requires": {
				"asmcrypto.js": "^2.3.2",
				"asn1.js": "^5.2.0",
				"bn.js": "^5.0.0",
				"browserify-aes": "^1.2.0",
				"bs58": "^4.0.1",
				"err-code": "^1.1.2",
				"iso-random-stream": "^1.1.0",
				"keypair": "^1.0.1",
				"libp2p-crypto-secp256k1": "~0.4.0",
				"multihashing-async": "~0.8.0",
				"node-forge": "~0.9.1",
				"pem-jwk": "^2.0.0",
				"protons": "^1.0.1",
				"rsa-pem-to-jwk": "^1.1.3",
				"tweetnacl": "^1.0.1",
				"ursa-optional": "~0.10.1"
			}
		},
		"libp2p-crypto-secp256k1": {
			"version": "0.4.1",
			"resolved": "https://registry.npmjs.org/libp2p-crypto-secp256k1/-/libp2p-crypto-secp256k1-0.4.1.tgz",
			"integrity": "sha512-bkAiYfzqjr9+As+P8bAtGCrepGYoJ11uBIlyY7aVizcwaZka0k+Jah6kOuZq1W9z5xWpZZBxW3tao+EK0DnZ+w==",
			"requires": {
				"bs58": "^4.0.1",
				"multihashing-async": "^0.8.0",
				"nodeify": "^1.0.1",
				"safe-buffer": "^5.1.2",
				"secp256k1": "^3.6.2"
			}
		},
		"loglevel": {
			"version": "1.6.6",
			"resolved": "https://registry.npmjs.org/loglevel/-/loglevel-1.6.6.tgz",
			"integrity": "sha512-Sgr5lbboAUBo3eXCSPL4/KoVz3ROKquOjcctxmHIt+vol2DrqTQe3SwkKKuYhEiWB5kYa13YyopJ69deJ1irzQ=="
		},
		"md5.js": {
			"version": "1.3.5",
			"resolved": "https://registry.npmjs.org/md5.js/-/md5.js-1.3.5.tgz",
			"integrity": "sha512-xitP+WxNPcTTOgnTJcrhM0xvdPepipPSf3I8EIpGKeFLjt3PlJLIDG3u8EX53ZIubkb+5U2+3rELYpEhHhzdkg==",
			"requires": {
				"hash-base": "^3.0.0",
				"inherits": "^2.0.1",
				"safe-buffer": "^5.1.2"
			}
		},
		"minimalistic-assert": {
			"version": "1.0.1",
			"resolved": "https://registry.npmjs.org/minimalistic-assert/-/minimalistic-assert-1.0.1.tgz",
			"integrity": "sha512-UtJcAD4yEaGtjPezWuO9wC4nwUnVH/8/Im3yEHQP4b67cXlD/Qr9hdITCU1xDbSEXg2XKNaP8jsReV7vQd00/A=="
		},
		"minimalistic-crypto-utils": {
			"version": "1.0.1",
			"resolved": "https://registry.npmjs.org/minimalistic-crypto-utils/-/minimalistic-crypto-utils-1.0.1.tgz",
			"integrity": "sha1-9sAMHAsIIkblxNmd+4x8CDsrWCo="
		},
		"minimatch": {
			"version": "3.0.4",
			"resolved": "https://registry.npmjs.org/minimatch/-/minimatch-3.0.4.tgz",
			"integrity": "sha512-yJHVQEhyqPLUTgt9B83PXu6W3rx4MvvHvSUvToogpwoGDOUQ+yDrR0HRot+yOCdCO7u4hX3pWft6kWBBcqh0UA==",
			"dev": true,
			"requires": {
				"brace-expansion": "^1.1.7"
			}
		},
		"multiaddr": {
			"version": "7.2.1",
			"resolved": "https://registry.npmjs.org/multiaddr/-/multiaddr-7.2.1.tgz",
			"integrity": "sha512-iJ372ZXoyw1xmRh3Cawej5l17TTs72jGHDjUHCDl16s3UFkkPQkWj90BDF8hw8xnBIG/JB3RAyHhkWKiuNfM5g==",
			"requires": {
				"bs58": "^4.0.1",
				"cids": "~0.7.1",
				"class-is": "^1.1.0",
				"hi-base32": "~0.5.0",
				"ip": "^1.1.5",
				"is-ip": "^3.1.0",
				"varint": "^5.0.0"
			}
		},
		"multibase": {
			"version": "0.6.0",
			"resolved": "https://registry.npmjs.org/multibase/-/multibase-0.6.0.tgz",
			"integrity": "sha512-R9bNLQhbD7MsitPm1NeY7w9sDgu6d7cuj25snAWH7k5PSNPSwIQQBpcpj8jx1W96dLbdigZqmUWOdQRMnAmgjA==",
			"requires": {
				"base-x": "3.0.4"
			}
		},
		"multicodec": {
			"version": "1.0.0",
			"resolved": "https://registry.npmjs.org/multicodec/-/multicodec-1.0.0.tgz",
			"integrity": "sha512-CBiLdYcMnVnkN/2kL4AaUH3betYXQGKV5CCmN2CfgHUt5xROtsj91w780ltX6Wy7frgc6en8md3h2UQl6jDXAg==",
			"requires": {
				"varint": "^5.0.0"
			}
		},
		"multihashes": {
			"version": "0.4.15",
			"resolved": "https://registry.npmjs.org/multihashes/-/multihashes-0.4.15.tgz",
			"integrity": "sha512-G/Smj1GWqw1RQP3dRuRRPe3oyLqvPqUaEDIaoi7JF7Loxl4WAWvhJNk84oyDEodSucv0MmSW/ZT0RKUrsIFD3g==",
			"requires": {
				"bs58": "^4.0.1",
				"varint": "^5.0.0"
			}
		},
		"multihashing-async": {
			"version": "0.8.0",
			"resolved": "https://registry.npmjs.org/multihashing-async/-/multihashing-async-0.8.0.tgz",
			"integrity": "sha512-t0iDSl1kkI65vaKmv9/bBM9/E/ogywB18+A9hI7QzcQjolue1tcaNWKdoFuniF6QQtNOJFplO4nQtLfQeK3lLw==",
			"requires": {
				"blakejs": "^1.1.0",
				"buffer": "^5.4.3",
				"err-code": "^2.0.0",
				"js-sha3": "~0.8.0",
				"multihashes": "~0.4.15",
				"murmurhash3js-revisited": "^3.0.0"
			},
			"dependencies": {
				"err-code": {
					"version": "2.0.0",
					"resolved": "https://registry.npmjs.org/err-code/-/err-code-2.0.0.tgz",
					"integrity": "sha512-MsMOijQ4v0xlmrz1fc7lyPEy7jFhoNF7EVaRSP7mPzs20LaFOwG6qNjGRy3Ie85n9DARlcUnB1zbsBv5sJrIvw=="
				}
			}
		},
		"murmurhash3js-revisited": {
			"version": "3.0.0",
			"resolved": "https://registry.npmjs.org/murmurhash3js-revisited/-/murmurhash3js-revisited-3.0.0.tgz",
			"integrity": "sha512-/sF3ee6zvScXMb1XFJ8gDsSnY+X8PbOyjIuBhtgis10W2Jx4ZjIhikUCIF9c4gpJxVnQIsPAFrSwTCuAjicP6g=="
		},
		"nan": {
			"version": "2.14.0",
			"resolved": "https://registry.npmjs.org/nan/-/nan-2.14.0.tgz",
			"integrity": "sha512-INOFj37C7k3AfaNTtX8RhsTw7qRy7eLET14cROi9+5HAVbbHuIWUHEauBv5qT4Av2tWasiTY1Jw6puUNqRJXQg=="
		},
		"node-forge": {
			"version": "0.9.1",
			"resolved": "https://registry.npmjs.org/node-forge/-/node-forge-0.9.1.tgz",
			"integrity": "sha512-G6RlQt5Sb4GMBzXvhfkeFmbqR6MzhtnT7VTHuLadjkii3rdYHNdw0m8zA4BTxVIh68FicCQ2NSUANpsqkr9jvQ=="
		},
		"nodeify": {
			"version": "1.0.1",
			"resolved": "https://registry.npmjs.org/nodeify/-/nodeify-1.0.1.tgz",
			"integrity": "sha1-ZKtpp7268DzhB7TwM1yHwLnpGx0=",
			"requires": {
				"is-promise": "~1.0.0",
				"promise": "~1.3.0"
			}
		},
		"object-assign": {
			"version": "2.1.1",
			"resolved": "https://registry.npmjs.org/object-assign/-/object-assign-2.1.1.tgz",
			"integrity": "sha1-Q8NuXVaf+OSBbE76i+AtJpZ8GKo="
		},
		"once": {
			"version": "1.4.0",
			"resolved": "https://registry.npmjs.org/once/-/once-1.4.0.tgz",
			"integrity": "sha1-WDsap3WWHUsROsF9nFC6753Xa9E=",
			"dev": true,
			"requires": {
				"wrappy": "1"
			}
		},
		"optimist": {
			"version": "0.3.7",
			"resolved": "https://registry.npmjs.org/optimist/-/optimist-0.3.7.tgz",
			"integrity": "sha1-yQlBrVnkJzMokjB00s8ufLxuwNk=",
			"requires": {
				"wordwrap": "~0.0.2"
			}
		},
		"path-is-absolute": {
			"version": "1.0.1",
			"resolved": "https://registry.npmjs.org/path-is-absolute/-/path-is-absolute-1.0.1.tgz",
			"integrity": "sha1-F0uSaHNVNP+8es5r9TpanhtcX18=",
			"dev": true
		},
		"peer-id": {
			"version": "0.13.6",
			"resolved": "https://registry.npmjs.org/peer-id/-/peer-id-0.13.6.tgz",
			"integrity": "sha512-L0BK78lqfODyYjph4yNHmwQGFE28UF9GPn+XFupSFzhYB5kwLeigJLYvmtfE4DkatvC8412Bhoz8U81qhQNhYA==",
			"requires": {
				"cids": "~0.7.1",
				"class-is": "^1.1.0",
				"libp2p-crypto": "~0.17.0",
				"multihashes": "~0.4.15",
				"protons": "^1.0.1"
			}
		},
		"pem-jwk": {
			"version": "2.0.0",
			"resolved": "https://registry.npmjs.org/pem-jwk/-/pem-jwk-2.0.0.tgz",
			"integrity": "sha512-rFxu7rVoHgQ5H9YsP50dDWf0rHjreVA2z0yPiWr5WdH/UHb29hKtF7h6l8vNd1cbYR1t0QL+JKhW55a2ZV4KtA==",
			"requires": {
				"asn1.js": "^5.0.1"
			}
		},
		"promise": {
			"version": "1.3.0",
			"resolved": "https://registry.npmjs.org/promise/-/promise-1.3.0.tgz",
			"integrity": "sha1-5cyaTIJ45GZP/twBx9qEhCsEAXU=",
			"requires": {
				"is-promise": "~1"
			}
		},
		"protocol-buffers-schema": {
			"version": "3.3.3",
			"resolved": "https://registry.npmjs.org/protocol-buffers-schema/-/protocol-buffers-schema-3.3.3.tgz",
			"integrity": "sha512-jiszJ9Nzo8glRgP+PQ+QdQ/WqoolZLTIGBEG2PBwGWVGbTmq+j4S/3NR1kpoGE+pYXV2HfS8ukxXGKkBnMx7eA=="
		},
		"protons": {
			"version": "1.1.0",
			"resolved": "https://registry.npmjs.org/protons/-/protons-1.1.0.tgz",
			"integrity": "sha512-rxf3et88VGRJkXIcDK1nemQM9OpnKsRVuZW+vkJLRmytA6530hQ+k/r2DpclNJCYF+xUl2MXsvRsK+MJgcbfEg==",
			"requires": {
				"protocol-buffers-schema": "^3.3.1",
				"safe-buffer": "^5.1.1",
				"signed-varint": "^2.0.1",
				"varint": "^5.0.0"
			}
		},
		"readable-stream": {
			"version": "3.4.0",
			"resolved": "https://registry.npmjs.org/readable-stream/-/readable-stream-3.4.0.tgz",
			"integrity": "sha512-jItXPLmrSR8jmTRmRWJXCnGJsfy85mB3Wd/uINMXA65yrnFo0cPClFIUWzo2najVNSl+mx7/4W8ttlLWJe99pQ==",
			"requires": {
				"inherits": "^2.0.3",
				"string_decoder": "^1.1.1",
				"util-deprecate": "^1.0.1"
			}
		},
		"rimraf": {
			"version": "3.0.0",
			"resolved": "https://registry.npmjs.org/rimraf/-/rimraf-3.0.0.tgz",
			"integrity": "sha512-NDGVxTsjqfunkds7CqsOiEnxln4Bo7Nddl3XhS4pXg5OzwkLqJ971ZVAAnB+DDLnF76N+VnDEiBHaVV8I06SUg==",
			"dev": true,
			"requires": {
				"glob": "^7.1.3"
			}
		},
		"ripemd160": {
			"version": "2.0.2",
			"resolved": "https://registry.npmjs.org/ripemd160/-/ripemd160-2.0.2.tgz",
			"integrity": "sha512-ii4iagi25WusVoiC4B4lq7pbXfAp3D9v5CwfkY33vffw2+pkDjY1D8GaN7spsxvCSx8dkPqOZCEZyfxcmJG2IA==",
			"requires": {
				"hash-base": "^3.0.0",
				"inherits": "^2.0.1"
			}
		},
		"rsa-pem-to-jwk": {
			"version": "1.1.3",
			"resolved": "https://registry.npmjs.org/rsa-pem-to-jwk/-/rsa-pem-to-jwk-1.1.3.tgz",
			"integrity": "sha1-JF52vbfnI0z+58oDLTG1TDj6uY4=",
			"requires": {
				"object-assign": "^2.0.0",
				"rsa-unpack": "0.0.6"
			}
		},
		"rsa-unpack": {
			"version": "0.0.6",
			"resolved": "https://registry.npmjs.org/rsa-unpack/-/rsa-unpack-0.0.6.tgz",
			"integrity": "sha1-9Q69VqYoN45jHylxYQJs6atO3bo=",
			"requires": {
				"optimist": "~0.3.5"
			}
		},
		"safe-buffer": {
			"version": "5.2.0",
			"resolved": "https://registry.npmjs.org/safe-buffer/-/safe-buffer-5.2.0.tgz",
			"integrity": "sha512-fZEwUGbVl7kouZs1jCdMLdt95hdIv0ZeHg6L7qPeciMZhZ+/gdesW4wgTARkrFWEpspjEATAzUGPG8N2jJiwbg=="
		},
		"safer-buffer": {
			"version": "2.1.2",
			"resolved": "https://registry.npmjs.org/safer-buffer/-/safer-buffer-2.1.2.tgz",
			"integrity": "sha512-YZo3K82SD7Riyi0E1EQPojLz7kpepnSQI9IyPbHHg1XXXevb5dJI7tpyN2ADxGcQbHG7vcyRHk0cbwqcQriUtg=="
		},
		"secp256k1": {
			"version": "3.8.0",
			"resolved": "https://registry.npmjs.org/secp256k1/-/secp256k1-3.8.0.tgz",
			"integrity": "sha512-k5ke5avRZbtl9Tqx/SA7CbY3NF6Ro+Sj9cZxezFzuBlLDmyqPiL8hJJ+EmzD8Ig4LUDByHJ3/iPOVoRixs/hmw==",
			"requires": {
				"bindings": "^1.5.0",
				"bip66": "^1.1.5",
				"bn.js": "^4.11.8",
				"create-hash": "^1.2.0",
				"drbg.js": "^1.0.1",
				"elliptic": "^6.5.2",
				"nan": "^2.14.0",
				"safe-buffer": "^5.1.2"
			},
			"dependencies": {
				"bn.js": {
					"version": "4.11.8",
					"resolved": "https://registry.npmjs.org/bn.js/-/bn.js-4.11.8.tgz",
					"integrity": "sha512-ItfYfPLkWHUjckQCk8xC+LwxgK8NYcXywGigJgSwOP8Y2iyWT4f2vsZnoOXTTbo+o5yXmIUJ4gn5538SO5S3gA=="
				}
			}
		},
		"sha.js": {
			"version": "2.4.11",
			"resolved": "https://registry.npmjs.org/sha.js/-/sha.js-2.4.11.tgz",
			"integrity": "sha512-QMEp5B7cftE7APOjk5Y6xgrbWu+WkLVQwk8JNjZ8nKRciZaByEW6MubieAiToS7+dwvrjGhH8jRXz3MVd0AYqQ==",
			"requires": {
				"inherits": "^2.0.1",
				"safe-buffer": "^5.0.1"
			}
		},
		"signed-varint": {
			"version": "2.0.1",
			"resolved": "https://registry.npmjs.org/signed-varint/-/signed-varint-2.0.1.tgz",
			"integrity": "sha1-UKmYnafJjCxh2tEZvJdHDvhSgSk=",
			"requires": {
				"varint": "~5.0.0"
			}
		},
		"string_decoder": {
			"version": "1.3.0",
			"resolved": "https://registry.npmjs.org/string_decoder/-/string_decoder-1.3.0.tgz",
			"integrity": "sha512-hkRX8U1WjJFd8LsDJ2yQ/wWWxaopEsABU1XfkM8A+j0+85JAGppt16cr1Whg6KIbb4okU6Mql6BOj+uup/wKeA==",
			"requires": {
				"safe-buffer": "~5.2.0"
			}
		},
		"tweetnacl": {
			"version": "1.0.1",
			"resolved": "https://registry.npmjs.org/tweetnacl/-/tweetnacl-1.0.1.tgz",
			"integrity": "sha512-kcoMoKTPYnoeS50tzoqjPY3Uv9axeuuFAZY9M/9zFnhoVvRfxz9K29IMPD7jGmt2c8SW7i3gT9WqDl2+nV7p4A=="
		},
		"typescript": {
			"version": "3.7.4",
			"resolved": "https://registry.npmjs.org/typescript/-/typescript-3.7.4.tgz",
			"integrity": "sha512-A25xv5XCtarLwXpcDNZzCGvW2D1S3/bACratYBx2sax8PefsFhlYmkQicKHvpYflFS8if4zne5zT5kpJ7pzuvw=="
		},
		"ursa-optional": {
			"version": "0.10.1",
			"resolved": "https://registry.npmjs.org/ursa-optional/-/ursa-optional-0.10.1.tgz",
			"integrity": "sha512-/pgpBXVJut57dHNrdGF+1/qXi+5B7JrlmZDWPSyoivEcbwFWRZJBJGkWb6ivknMBA3bnFA7lqsb6iHiFfp79QQ==",
			"requires": {
				"bindings": "^1.5.0",
				"nan": "^2.14.0"
			}
		},
		"util-deprecate": {
			"version": "1.0.2",
			"resolved": "https://registry.npmjs.org/util-deprecate/-/util-deprecate-1.0.2.tgz",
			"integrity": "sha1-RQ1Nyfpw3nMnYvvS1KKJgUGaDM8="
		},
		"varint": {
			"version": "5.0.0",
			"resolved": "https://registry.npmjs.org/varint/-/varint-5.0.0.tgz",
			"integrity": "sha1-2Ca4n3SQcy+rwMDtaT7Uddyynr8="
		},
		"wordwrap": {
			"version": "0.0.3",
			"resolved": "https://registry.npmjs.org/wordwrap/-/wordwrap-0.0.3.tgz",
			"integrity": "sha1-o9XabNXAvAAI03I0u68b7WMFkQc="
		},
		"wrappy": {
			"version": "1.0.2",
			"resolved": "https://registry.npmjs.org/wrappy/-/wrappy-1.0.2.tgz",
			"integrity": "sha1-tSQ9jz7BqjXxNkYFvA0QNuMKtp8=",
			"dev": true
		}
	}
}
